<Solution>
  <Configurations>
    <Platform Name="Any CPU" />
    <Platform Name="x64" />
    <Platform Name="x86" />
  </Configurations>
  <Project Path="CutebaltCore/CutebaltCore.csproj" />
  <Project Path="StarcourseDock/StarcourseDock.csproj" />
  <Project Path="StartRunPlus/StartRunPlus.csproj" />
</Solution>
